
Microsoft Visual Studio Solution File, Format Version 12.00
# Visual Studio 14
VisualStudioVersion = 14.0.23107.0
MinimumVisualStudioVersion = 10.0.40219.1
Project("{FAE04EC0-301F-11D3-BF4B-00C04F79EFBC}") = "KinoPraktika", "KinoPraktika\KinoPraktika.csproj", "{6E021A9E-C0AD-4282-A771-54915820431C}"
EndProject
Global
	GlobalSection(SolutionConfigurationPlatforms) = preSolution
		Debug|Any CPU = Debug|Any CPU
		Release|Any CPU = Release|Any CPU
	EndGlobalSection
	GlobalSection(ProjectConfigurationPlatforms) = postSolution
		{6E021A9E-C0AD-4282-A771-54915820431C}.Debug|Any CPU.ActiveCfg = Debug|Any CPU
		{6E021A9E-C0AD-4282-A771-54915820431C}.Debug|Any CPU.Build.0 = Debug|Any CPU
		{6E021A9E-C0AD-4282-A771-54915820431C}.Release|Any CPU.ActiveCfg = Release|Any CPU
		{6E021A9E-C0AD-4282-A771-54915820431C}.Release|Any CPU.Build.0 = Release|Any CPU
	EndGlobalSection
	GlobalSection(SolutionProperties) = preSolution
		HideSolutionNode = FALSE
	EndGlobalSection
EndGlobal
